
Microsoft Visual Studio Solution File, Format Version 12.00
# Visual Studio 15
VisualStudioVersion = 15.0.28307.1169
MinimumVisualStudioVersion = 10.0.40219.1
Project("{FAE04EC0-301F-11D3-BF4B-00C04F79EFBC}") = "calendarBlockGenerator", "calendarBlockGenerator\calendarBlockGenerator.csproj", "{0A5A36DE-48C9-4099-8AFE-BEC07B01F0AD}"
EndProject
Global
	GlobalSection(SolutionConfigurationPlatforms) = preSolution
		Debug|Any CPU = Debug|Any CPU
		Release|Any CPU = Release|Any CPU
	EndGlobalSection
	GlobalSection(ProjectConfigurationPlatforms) = postSolution
		{0A5A36DE-48C9-4099-8AFE-BEC07B01F0AD}.Debug|Any CPU.ActiveCfg = Debug|Any CPU
		{0A5A36DE-48C9-4099-8AFE-BEC07B01F0AD}.Debug|Any CPU.Build.0 = Debug|Any CPU
		{0A5A36DE-48C9-4099-8AFE-BEC07B01F0AD}.Release|Any CPU.ActiveCfg = Release|Any CPU
		{0A5A36DE-48C9-4099-8AFE-BEC07B01F0AD}.Release|Any CPU.Build.0 = Release|Any CPU
	EndGlobalSection
	GlobalSection(SolutionProperties) = preSolution
		HideSolutionNode = FALSE
	EndGlobalSection
	GlobalSection(ExtensibilityGlobals) = postSolution
		SolutionGuid = {53D769C6-A4F7-4C96-BD0F-AE5291C490B8}
	EndGlobalSection
EndGlobal
